// !$*UTF8*$!
{
	archiveVersion = 1;
	classes = {
	};
	objectVersion = 50;
	objects = {

/* Begin PBXBuildFile section */
		8BF6B51D2633413400E16150 /* AppDelegate.swift in Sources */ = {isa = PBXBuildFile; fileRef = 8BF6B51C2633413400E16150 /* AppDelegate.swift */; };
		8BF6B51F2633413400E16150 /* SceneDelegate.swift in Sources */ = {isa = PBXBuildFile; fileRef = 8BF6B51E2633413400E16150 /* SceneDelegate.swift */; };
		8BF6B5212633413400E16150 /* ViewController.swift in Sources */ = {isa = PBXBuildFile; fileRef = 8BF6B5202633413400E16150 /* ViewController.swift */; };
		8BF6B5242633413400E16150 /* Main.storyboard in Resources */ = {isa = PBXBuildFile; fileRef = 8BF6B5222633413400E16150 /* Main.storyboard */; };
		8BF6B5262633413700E16150 /* Assets.xcassets in Resources */ = {isa = PBXBuildFile; fileRef = 8BF6B5252633413700E16150 /* Assets.xcassets */; };
		8BF6B5292633413700E16150 /* LaunchScreen.storyboard in Resources */ = {isa = PBXBuildFile; fileRef = 8BF6B5272633413700E16150 /* LaunchScreen.storyboard */; };
		8BF6B5342633413700E16150 /* Im_RichTests.swift in Sources */ = {isa = PBXBuildFile; fileRef = 8BF6B5332633413700E16150 /* Im_RichTests.swift */; };
		8BF6B53F2633413700E16150 /* Im_RichUITests.swift in Sources */ = {isa = PBXBuildFile; fileRef = 8BF6B53E2633413700E16150 /* Im_RichUITests.swift */; };
/* End PBXBuildFile section */

/* Begin PBXContainerItemProxy section */
		8BF6B5302633413700E16150 /* PBXContainerItemProxy */ = {
			isa = PBXContainerItemProxy;
			containerPortal = 8BF6B5112633413400E16150 /* Project object */;
			proxyType = 1;
			remoteGlobalIDString = 8BF6B5182633413400E16150;
			remoteInfo = "Im Rich";
		};
		8BF6B53B2633413700E16150 /* PBXContainerItemProxy */ = {
			isa = PBXContainerItemProxy;
			containerPortal = 8BF6B5112633413400E16150 /* Project object */;
			proxyType = 1;
			remoteGlobalIDString = 8BF6B5182633413400E16150;
			remoteInfo = "Im Rich";
		};
/* End PBXContainerItemProxy section */

/* Begin PBXFileReference section */
		8BF6B5192633413400E16150 /* Im Rich.app */ = {isa = PBXFileReference; explicitFileType = wrapper.application; includeInIndex = 0; path = "Im Rich.app"; sourceTree = BUILT_PRODUCTS_DIR; };
		8BF6B51C2633413400E16150 /* AppDelegate.swift */ = {isa = PBXFileReference; lastKnownFileType = sourcecode.swift; path = AppDelegate.swift; sourceTree = "<group>"; };
		8BF6B51E2633413400E16150 /* SceneDelegate.swift */ = {isa = PBXFileReference; lastKnownFileType = sourcecode.swift; path = SceneDelegate.swift; sourceTree = "<group>"; };
		8BF6B5202633413400E16150 /* ViewController.swift */ = {isa = PBXFileReference; lastKnownFileType = sourcecode.swift; path = ViewController.swift; sourceTree = "<group>"; };
		8BF6B5232633413400E16150 /* Base */ = {isa = PBXFileReference; lastKnownFileType = file.storyboard; name = Base; path = Base.lproj/Main.storyboard; sourceTree = "<group>"; };
		8BF6B5252633413700E16150 /* Assets.xcassets */ = {isa = PBXFileReference; lastKnownFileType = folder.assetcatalog; path = Assets.xcassets; sourceTree = "<group>"; };
		8BF6B5282633413700E16150 /* Base */ = {isa = PBXFileReference; lastKnownFileType = file.storyboard; name = Base; path = Base.lproj/LaunchScreen.storyboard; sourceTree = "<group>"; };
		8BF6B52A2633413700E16150 /* Info.plist */ = {isa = PBXFileReference; lastKnownFileType = text.plist.xml; path = Info.plist; sourceTree = "<group>"; };
		8BF6B52F2633413700E16150 /* Im RichTests.xctest */ = {isa = PBXFileReference; explicitFileType = wrapper.cfbundle; includeInIndex = 0; path = "Im RichTests.xctest"; sourceTree = BUILT_PRODUCTS_DIR; };
		8BF6B5332633413700E16150 /* Im_RichTests.swift */ = {isa = PBXFileReference; lastKnownFileType = sourcecode.swift; path = Im_RichTests.swift; sourceTree = "<group>"; };
		8BF6B5352633413700E16150 /* Info.plist */ = {isa = PBXFileReference; lastKnownFileType = text.plist.xml; path = Info.plist; sourceTree = "<group>"; };
		8BF6B53A2633413700E16150 /* Im RichUITests.xctest */ = {isa = PBXFileReference; explicitFileType = wrapper.cfbundle; includeInIndex = 0; path = "Im RichUITests.xctest"; sourceTree = BUILT_PRODUCTS_DIR; };
		8BF6B53E2633413700E16150 /* Im_RichUITests.swift */ = {isa = PBXFileReference; lastKnownFileType = sourcecode.swift; path = Im_RichUITests.swift; sourceTree = "<group>"; };
		8BF6B5402633413700E16150 /* Info.plist */ = {isa = PBXFileReference; lastKnownFileType = text.plist.xml; path = Info.plist; sourceTree = "<group>"; };
/* End PBXFileReference section */

/* Begin PBXFrameworksBuildPhase section */
		8BF6B5162633413400E16150 /* Frameworks */ = {
			isa = PBXFrameworksBuildPhase;
			buildActionMask = 2147483647;
			files = (
			);
			runOnlyForDeploymentPostprocessing = 0;
		};
		8BF6B52C2633413700E16150 /* Frameworks */ = {
			isa = PBXFrameworksBuildPhase;
			buildActionMask = 2147483647;
			files = (
			);
			runOnlyForDeploymentPostprocessing = 0;
		};
		8BF6B5372633413700E16150 /* Frameworks */ = {
			isa = PBXFrameworksBuildPhase;
			buildActionMask = 2147483647;
			files = (
			);
			runOnlyForDeploymentPostprocessing = 0;
		};
/* End PBXFrameworksBuildPhase section */

/* Begin PBXGroup section */
		8BF6B5102633413400E16150 = {
			isa = PBXGroup;
			children = (
				8BF6B51B2633413400E16150 /* Im Rich */,
				8BF6B5322633413700E16150 /* Im RichTests */,
				8BF6B53D2633413700E16150 /* Im RichUITests */,
				8BF6B51A2633413400E16150 /* Products */,
			);
			sourceTree = "<group>";
		};
		8BF6B51A2633413400E16150 /* Products */ = {
			isa = PBXGroup;
			children = (
				8BF6B5192633413400E16150 /* Im Rich.app */,
				8BF6B52F2633413700E16150 /* Im RichTests.xctest */,
				8BF6B53A2633413700E16150 /* Im RichUITests.xctest */,
			);
			name = Products;
			sourceTree = "<group>";
		};
		8BF6B51B2633413400E16150 /* Im Rich */ = {
			isa = PBXGroup;
			children = (
				8BF6B51C2633413400E16150 /* AppDelegate.swift */,
				8BF6B51E2633413400E16150 /* SceneDelegate.swift */,
				8BF6B5202633413400E16150 /* ViewController.swift */,
				8BF6B5222633413400E16150 /* Main.storyboard */,
				8BF6B5252633413700E16150 /* Assets.xcassets */,
				8BF6B5272633413700E16150 /* LaunchScreen.storyboard */,
				8BF6B52A2633413700E16150 /* Info.plist */,
			);
			path = "Im Rich";
			sourceTree = "<group>";
		};
		8BF6B5322633413700E16150 /* Im RichTests */ = {
			isa = PBXGroup;
			children = (
				8BF6B5332633413700E16150 /* Im_RichTests.swift */,
				8BF6B5352633413700E16150 /* Info.plist */,
			);
			path = "Im RichTests";
			sourceTree = "<group>";
		};
		8BF6B53D2633413700E16150 /* Im RichUITests */ = {
			isa = PBXGroup;
			children = (
				8BF6B53E2633413700E16150 /* Im_RichUITests.swift */,
				8BF6B5402633413700E16150 /* Info.plist */,
			);
			path = "Im RichUITests";
			sourceTree = "<group>";
		};
/* End PBXGroup section */

/* Begin PBXNativeTarget section */
		8BF6B5182633413400E16150 /* Im Rich */ = {
			isa = PBXNativeTarget;
			buildConfigurationList = 8BF6B5432633413700E16150 /* Build configuration list for PBXNativeTarget "Im Rich" */;
			buildPhases = (
				8BF6B5152633413400E16150 /* Sources */,
				8BF6B5162633413400E16150 /* Frameworks */,
				8BF6B5172633413400E16150 /* Resources */,
			);
			buildRules = (
			);
			dependencies = (
			);
			name = "Im Rich";
			productName = "Im Rich";
			productReference = 8BF6B5192633413400E16150 /* Im Rich.app */;
			productType = "com.apple.product-type.application";
		};
		8BF6B52E2633413700E16150 /* Im RichTests */ = {
			isa = PBXNativeTarget;
			buildConfigurationList = 8BF6B5462633413700E16150 /* Build configuration list for PBXNativeTarget "Im RichTests" */;
			buildPhases = (
				8BF6B52B2633413700E16150 /* Sources */,
				8BF6B52C2633413700E16150 /* Frameworks */,
				8BF6B52D2633413700E16150 /* Resources */,
			);
			buildRules = (
			);
			dependencies = (
				8BF6B5312633413700E16150 /* PBXTargetDependency */,
			);
			name = "Im RichTests";
			productName = "Im RichTests";
			productReference = 8BF6B52F2633413700E16150 /* Im RichTests.xctest */;
			productType = "com.apple.product-type.bundle.unit-test";
		};
		8BF6B5392633413700E16150 /* Im RichUITests */ = {
			isa = PBXNativeTarget;
			buildConfigurationList = 8BF6B5492633413700E16150 /* Build configuration list for PBXNativeTarget "Im RichUITests" */;
			buildPhases = (
				8BF6B5362633413700E16150 /* Sources */,
				8BF6B5372633413700E16150 /* Frameworks */,
				8BF6B5382633413700E16150 /* Resources */,
			);
			buildRules = (
			);
			dependencies = (
				8BF6B53C2633413700E16150 /* PBXTargetDependency */,
			);
			name = "Im RichUITests";
			productName = "Im RichUITests";
			productReference = 8BF6B53A2633413700E16150 /* Im RichUITests.xctest */;
			productType = "com.apple.product-type.bundle.ui-testing";
		};
/* End PBXNativeTarget section */

/* Begin PBXProject section */
		8BF6B5112633413400E16150 /* Project object */ = {
			isa = PBXProject;
			attributes = {
				LastSwiftUpdateCheck = 1230;
				LastUpgradeCheck = 1230;
				TargetAttributes = {
					8BF6B5182633413400E16150 = {
						CreatedOnToolsVersion = 12.3;
					};
					8BF6B52E2633413700E16150 = {
						CreatedOnToolsVersion = 12.3;
						TestTargetID = 8BF6B5182633413400E16150;
					};
					8BF6B5392633413700E16150 = {
						CreatedOnToolsVersion = 12.3;
						TestTargetID = 8BF6B5182633413400E16150;
					};
				};
			};
			buildConfigurationList = 8BF6B5142633413400E16150 /* Build configuration list for PBXProject "Im Rich" */;
			compatibilityVersion = "Xcode 9.3";
			developmentRegion = en;
			hasScannedForEncodings = 0;
			knownRegions = (
				en,
				Base,
			);
			mainGroup = 8BF6B5102633413400E16150;
			productRefGroup = 8BF6B51A2633413400E16150 /* Products */;
			projectDirPath = "";
			projectRoot = "";
			targets = (
				8BF6B5182633413400E16150 /* Im Rich */,
				8BF6B52E2633413700E16150 /* Im RichTests */,
				8BF6B5392633413700E16150 /* Im RichUITests */,
			);
		};
/* End PBXProject section */

/* Begin PBXResourcesBuildPhase section */
		8BF6B5172633413400E16150 /* Resources */ = {
			isa = PBXResourcesBuildPhase;
			buildActionMask = 2147483647;
			files = (
				8BF6B5292633413700E16150 /* LaunchScreen.storyboard in Resources */,
				8BF6B5262633413700E16150 /* Assets.xcassets in Resources */,
				8BF6B5242633413400E16150 /* Main.storyboard in Resources */,
			);
			runOnlyForDeploymentPostprocessing = 0;
		};
		8BF6B52D2633413700E16150 /* Resources */ = {
			isa = PBXResourcesBuildPhase;
			buildActionMask = 2147483647;
			files = (
			);
			runOnlyForDeploymentPostprocessing = 0;
		};
		8BF6B5382633413700E16150 /* Resources */ = {
			isa = PBXResourcesBuildPhase;
			buildActionMask = 2147483647;
			files = (
			);
			runOnlyForDeploymentPostprocessing = 0;
		};
/* End PBXResourcesBuildPhase section */

/* Begin PBXSourcesBuildPhase section */
		8BF6B5152633413400E16150 /* Sources */ = {
			isa = PBXSourcesBuildPhase;
			buildActionMask = 2147483647;
			files = (
				8BF6B5212633413400E16150 /* ViewController.swift in Sources */,
				8BF6B51D2633413400E16150 /* AppDelegate.swift in Sources */,
				8BF6B51F2633413400E16150 /* SceneDelegate.swift in Sources */,
			);
			runOnlyForDeploymentPostprocessing = 0;
		};
		8BF6B52B2633413700E16150 /* Sources */ = {
			isa = PBXSourcesBuildPhase;
			buildActionMask = 2147483647;
			files = (
				8BF6B5342633413700E16150 /* Im_RichTests.swift in Sources */,
			);
			runOnlyForDeploymentPostprocessing = 0;
		};
		8BF6B5362633413700E16150 /* Sources */ = {
			isa = PBXSourcesBuildPhase;
			buildActionMask = 2147483647;
			files = (
				8BF6B53F2633413700E16150 /* Im_RichUITests.swift in Sources */,
			);
			runOnlyForDeploymentPostprocessing = 0;
		};
/* End PBXSourcesBuildPhase section */

/* Begin PBXTargetDependency section */
		8BF6B5312633413700E16150 /* PBXTargetDependency */ = {
			isa = PBXTargetDependency;
			target = 8BF6B5182633413400E16150 /* Im Rich */;
			targetProxy = 8BF6B5302633413700E16150 /* PBXContainerItemProxy */;
		};
		8BF6B53C2633413700E16150 /* PBXTargetDependency */ = {
			isa = PBXTargetDependency;
			target = 8BF6B5182633413400E16150 /* Im Rich */;
			targetProxy = 8BF6B53B2633413700E16150 /* PBXContainerItemProxy */;
		};
/* End PBXTargetDependency section */

/* Begin PBXVariantGroup section */
		8BF6B5222633413400E16150 /* Main.storyboard */ = {
			isa = PBXVariantGroup;
			children = (
				8BF6B5232633413400E16150 /* Base */,
			);
			name = Main.storyboard;
			sourceTree = "<group>";
		};
		8BF6B5272633413700E16150 /* LaunchScreen.storyboard */ = {
			isa = PBXVariantGroup;
			children = (
				8BF6B5282633413700E16150 /* Base */,
			);
			name = LaunchScreen.storyboard;
			sourceTree = "<group>";
		};
/* End PBXVariantGroup section */

/* Begin XCBuildConfiguration section */
		8BF6B5412633413700E16150 /* Debug */ = {
			isa = XCBuildConfiguration;
			buildSettings = {
				ALWAYS_SEARCH_USER_PATHS = NO;
				CLANG_ANALYZER_NONNULL = YES;
				CLANG_ANALYZER_NUMBER_OBJECT_CONVERSION = YES_AGGRESSIVE;
				CLANG_CXX_LANGUAGE_STANDARD = "gnu++14";
				CLANG_CXX_LIBRARY = "libc++";
				CLANG_ENABLE_MODULES = YES;
				CLANG_ENABLE_OBJC_ARC = YES;
				CLANG_ENABLE_OBJC_WEAK = YES;
				CLANG_WARN_BLOCK_CAPTURE_AUTORELEASING = YES;
				CLANG_WARN_BOOL_CONVERSION = YES;
				CLANG_WARN_COMMA = YES;
				CLANG_WARN_CONSTANT_CONVERSION = YES;
				CLANG_WARN_DEPRECATED_OBJC_IMPLEMENTATIONS = YES;
				CLANG_WARN_DIRECT_OBJC_ISA_USAGE = YES_ERROR;
				CLANG_WARN_DOCUMENTATION_COMMENTS = YES;
				CLANG_WARN_EMPTY_BODY = YES;
				CLANG_WARN_ENUM_CONVERSION = YES;
				CLANG_WARN_INFINITE_RECURSION = YES;
				CLANG_WARN_INT_CONVERSION = YES;
				CLANG_WARN_NON_LITERAL_NULL_CONVERSION = YES;
				CLANG_WARN_OBJC_IMPLICIT_RETAIN_SELF = YES;
				CLANG_WARN_OBJC_LITERAL_CONVERSION = YES;
				CLANG_WARN_OBJC_ROOT_CLASS = YES_ERROR;
				CLANG_WARN_QUOTED_INCLUDE_IN_FRAMEWORK_HEADER = YES;
				CLANG_WARN_RANGE_LOOP_ANALYSIS = YES;
				CLANG_WARN_STRICT_PROTOTYPES = YES;
				CLANG_WARN_SUSPICIOUS_MOVE = YES;
				CLANG_WARN_UNGUARDED_AVAILABILITY = YES_AGGRESSIVE;
				CLANG_WARN_UNREACHABLE_CODE = YES;
				CLANG_WARN__DUPLICATE_METHOD_MATCH = YES;
				COPY_PHASE_STRIP = NO;
				DEBUG_INFORMATION_FORMAT = dwarf;
				ENABLE_STRICT_OBJC_MSGSEND = YES;
				ENABLE_TESTABILITY = YES;
				GCC_C_LANGUAGE_STANDARD = gnu11;
				GCC_DYNAMIC_NO_PIC = NO;
				GCC_NO_COMMON_BLOCKS = YES;
				GCC_OPTIMIZATION_LEVEL = 0;
				GCC_PREPROCESSOR_DEFINITIONS = (
					"DEBUG=1",
					"$(inherited)",
				);
				GCC_WARN_64_TO_32_BIT_CONVERSION = YES;
				GCC_WARN_ABOUT_RETURN_TYPE = YES_ERROR;
				GCC_WARN_UNDECLARED_SELECTOR = YES;
				GCC_WARN_UNINITIALIZED_AUTOS = YES_AGGRESSIVE;
				GCC_WARN_UNUSED_FUNCTION = YES;
				GCC_WARN_UNUSED_VARIABLE = YES;
				IPHONEOS_DEPLOYMENT_TARGET = 14.3;
				MTL_ENABLE_DEBUG_INFO = INCLUDE_SOURCE;
				MTL_FAST_MATH = YES;
				ONLY_ACTIVE_ARCH = YES;
				SDKROOT = iphoneos;
				SWIFT_ACTIVE_COMPILATION_CONDITIONS = DEBUG;
				SWIFT_OPTIMIZATION_LEVEL = "-Onone";
			};
			name = Debug;
		};
		8BF6B5422633413700E16150 /* Release */ = {
			isa = XCBuildConfiguration;
			buildSettings = {
				ALWAYS_SEARCH_USER_PATHS = NO;
				CLANG_ANALYZER_NONNULL = YES;
				CLANG_ANALYZER_NUMBER_OBJECT_CONVERSION = YES_AGGRESSIVE;
				CLANG_CXX_LANGUAGE_STANDARD = "gnu++14";
				CLANG_CXX_LIBRARY = "libc++";
				CLANG_ENABLE_MODULES = YES;
				CLANG_ENABLE_OBJC_ARC = YES;
				CLANG_ENABLE_OBJC_WEAK = YES;
				CLANG_WARN_BLOCK_CAPTURE_AUTORELEASING = YES;
				CLANG_WARN_BOOL_CONVERSION = YES;
				CLANG_WARN_COMMA = YES;
				CLANG_WARN_CONSTANT_CONVERSION = YES;
				CLANG_WARN_DEPRECATED_OBJC_IMPLEMENTATIONS = YES;
				CLANG_WARN_DIRECT_OBJC_ISA_USAGE = YES_ERROR;
				CLANG_WARN_DOCUMENTATION_COMMENTS = YES;
				CLANG_WARN_EMPTY_BODY = YES;
				CLANG_WARN_ENUM_CONVERSION = YES;
				CLANG_WARN_INFINITE_RECURSION = YES;
				CLANG_WARN_INT_CONVERSION = YES;
				CLANG_WARN_NON_LITERAL_NULL_CONVERSION = YES;
				CLANG_WARN_OBJC_IMPLICIT_RETAIN_SELF = YES;
				CLANG_WARN_OBJC_LITERAL_CONVERSION = YES;
				CLANG_WARN_OBJC_ROOT_CLASS = YES_ERROR;
				CLANG_WARN_QUOTED_INCLUDE_IN_FRAMEWORK_HEADER = YES;
				CLANG_WARN_RANGE_LOOP_ANALYSIS = YES;
				CLANG_WARN_STRICT_PROTOTYPES = YES;
				CLANG_WARN_SUSPICIOUS_MOVE = YES;
				CLANG_WARN_UNGUARDED_AVAILABILITY = YES_AGGRESSIVE;
				CLANG_WARN_UNREACHABLE_CODE = YES;
				CLANG_WARN__DUPLICATE_METHOD_MATCH = YES;
				COPY_PHASE_STRIP = NO;
				DEBUG_INFORMATION_FORMAT = "dwarf-with-dsym";
				ENABLE_NS_ASSERTIONS = NO;
				ENABLE_STRICT_OBJC_MSGSEND = YES;
				GCC_C_LANGUAGE_STANDARD = gnu11;
				GCC_NO_COMMON_BLOCKS = YES;
				GCC_WARN_64_TO_32_BIT_CONVERSION = YES;
				GCC_WARN_ABOUT_RETURN_TYPE = YES_ERROR;
				GCC_WARN_UNDECLARED_SELECTOR = YES;
				GCC_WARN_UNINITIALIZED_AUTOS = YES_AGGRESSIVE;
				GCC_WARN_UNUSED_FUNCTION = YES;
				GCC_WARN_UNUSED_VARIABLE = YES;
				IPHONEOS_DEPLOYMENT_TARGET = 14.3;
				MTL_ENABLE_DEBUG_INFO = NO;
				MTL_FAST_MATH = YES;
				SDKROOT = iphoneos;
				SWIFT_COMPILATION_MODE = wholemodule;
				SWIFT_OPTIMIZATION_LEVEL = "-O";
				VALIDATE_PRODUCT = YES;
			};
			name = Release;
		};
		8BF6B5442633413700E16150 /* Debug */ = {
			isa = XCBuildConfiguration;
			buildSettings = {
				ASSETCATALOG_COMPILER_APPICON_NAME = AppIcon;
				ASSETCATALOG_COMPILER_GLOBAL_ACCENT_COLOR_NAME = AccentColor;
				CODE_SIGN_STYLE = Automatic;
				INFOPLIST_FILE = "Im Rich/Info.plist";
				LD_RUNPATH_SEARCH_PATHS = (
					"$(inherited)",
					"@executable_path/Frameworks",
				);
				PRODUCT_BUNDLE_IDENTIFIER = "Adriano-Grevizirsky.Im-Rich";
				PRODUCT_NAME = "$(TARGET_NAME)";
				SWIFT_VERSION = 5.0;
				TARGETED_DEVICE_FAMILY = "1,2";
			};
			name = Debug;
		};
		8BF6B5452633413700E16150 /* Release */ = {
			isa = XCBuildConfiguration;
			buildSettings = {
				ASSETCATALOG_COMPILER_APPICON_NAME = AppIcon;
				ASSETCATALOG_COMPILER_GLOBAL_ACCENT_COLOR_NAME = AccentColor;
				CODE_SIGN_STYLE = Automatic;
				INFOPLIST_FILE = "Im Rich/Info.plist";
				LD_RUNPATH_SEARCH_PATHS = (
					"$(inherited)",
					"@executable_path/Frameworks",
				);
				PRODUCT_BUNDLE_IDENTIFIER = "Adriano-Grevizirsky.Im-Rich";
				PRODUCT_NAME = "$(TARGET_NAME)";
				SWIFT_VERSION = 5.0;
				TARGETED_DEVICE_FAMILY = "1,2";
			};
			name = Release;
		};
		8BF6B5472633413700E16150 /* Debug */ = {
			isa = XCBuildConfiguration;
			buildSettings = {
				ALWAYS_EMBED_SWIFT_STANDARD_LIBRARIES = YES;
				BUNDLE_LOADER = "$(TEST_HOST)";
				CODE_SIGN_STYLE = Automatic;
				INFOPLIST_FILE = "Im RichTests/Info.plist";
				IPHONEOS_DEPLOYMENT_TARGET = 14.3;
				LD_RUNPATH_SEARCH_PATHS = (
					"$(inherited)",
					"@executable_path/Frameworks",
					"@loader_path/Frameworks",
				);
				PRODUCT_BUNDLE_IDENTIFIER = "Adriano-Grevizirsky.Im-RichTests";
				PRODUCT_NAME = "$(TARGET_NAME)";
				SWIFT_VERSION = 5.0;
				TARGETED_DEVICE_FAMILY = "1,2";
				TEST_HOST = "$(BUILT_PRODUCTS_DIR)/Im Rich.app/Im Rich";
			};
			name = Debug;
		};
		8BF6B5482633413700E16150 /* Release */ = {
			isa = XCBuildConfiguration;
			buildSettings = {
				ALWAYS_EMBED_SWIFT_STANDARD_LIBRARIES = YES;
				BUNDLE_LOADER = "$(TEST_HOST)";
				CODE_SIGN_STYLE = Automatic;
				INFOPLIST_FILE = "Im RichTests/Info.plist";
				IPHONEOS_DEPLOYMENT_TARGET = 14.3;
				LD_RUNPATH_SEARCH_PATHS = (
					"$(inherited)",
					"@executable_path/Frameworks",
					"@loader_path/Frameworks",
				);
				PRODUCT_BUNDLE_IDENTIFIER = "Adriano-Grevizirsky.Im-RichTests";
				PRODUCT_NAME = "$(TARGET_NAME)";
				SWIFT_VERSION = 5.0;
				TARGETED_DEVICE_FAMILY = "1,2";
				TEST_HOST = "$(BUILT_PRODUCTS_DIR)/Im Rich.app/Im Rich";
			};
			name = Release;
		};
		8BF6B54A2633413700E16150 /* Debug */ = {
			isa = XCBuildConfiguration;
			buildSettings = {
				ALWAYS_EMBED_SWIFT_STANDARD_LIBRARIES = YES;
				CODE_SIGN_STYLE = Automatic;
				INFOPLIST_FILE = "Im RichUITests/Info.plist";
				LD_RUNPATH_SEARCH_PATHS = (
					"$(inherited)",
					"@executable_path/Frameworks",
					"@loader_path/Frameworks",
				);
				PRODUCT_BUNDLE_IDENTIFIER = "Adriano-Grevizirsky.Im-RichUITests";
				PRODUCT_NAME = "$(TARGET_NAME)";
				SWIFT_VERSION = 5.0;
				TARGETED_DEVICE_FAMILY = "1,2";
				TEST_TARGET_NAME = "Im Rich";
			};
			name = Debug;
		};
		8BF6B54B2633413700E16150 /* Release */ = {
			isa = XCBuildConfiguration;
			buildSettings = {
				ALWAYS_EMBED_SWIFT_STANDARD_LIBRARIES = YES;
				CODE_SIGN_STYLE = Automatic;
				INFOPLIST_FILE = "Im RichUITests/Info.plist";
				LD_RUNPATH_SEARCH_PATHS = (
					"$(inherited)",
					"@executable_path/Frameworks",
					"@loader_path/Frameworks",
				);
				PRODUCT_BUNDLE_IDENTIFIER = "Adriano-Grevizirsky.Im-RichUITests";
				PRODUCT_NAME = "$(TARGET_NAME)";
				SWIFT_VERSION = 5.0;
				TARGETED_DEVICE_FAMILY = "1,2";
				TEST_TARGET_NAME = "Im Rich";
			};
			name = Release;
		};
/* End XCBuildConfiguration section */

/* Begin XCConfigurationList section */
		8BF6B5142633413400E16150 /* Build configuration list for PBXProject "Im Rich" */ = {
			isa = XCConfigurationList;
			buildConfigurations = (
				8BF6B5412633413700E16150 /* Debug */,
				8BF6B5422633413700E16150 /* Release */,
			);
			defaultConfigurationIsVisible = 0;
			defaultConfigurationName = Release;
		};
		8BF6B5432633413700E16150 /* Build configuration list for PBXNativeTarget "Im Rich" */ = {
			isa = XCConfigurationList;
			buildConfigurations = (
				8BF6B5442633413700E16150 /* Debug */,
				8BF6B5452633413700E16150 /* Release */,
			);
			defaultConfigurationIsVisible = 0;
			defaultConfigurationName = Release;
		};
		8BF6B5462633413700E16150 /* Build configuration list for PBXNativeTarget "Im RichTests" */ = {
			isa = XCConfigurationList;
			buildConfigurations = (
				8BF6B5472633413700E16150 /* Debug */,
				8BF6B5482633413700E16150 /* Release */,
			);
			defaultConfigurationIsVisible = 0;
			defaultConfigurationName = Release;
		};
		8BF6B5492633413700E16150 /* Build configuration list for PBXNativeTarget "Im RichUITests" */ = {
			isa = XCConfigurationList;
			buildConfigurations = (
				8BF6B54A2633413700E16150 /* Debug */,
				8BF6B54B2633413700E16150 /* Release */,
			);
			defaultConfigurationIsVisible = 0;
			defaultConfigurationName = Release;
		};
/* End XCConfigurationList section */
	};
	rootObject = 8BF6B5112633413400E16150 /* Project object */;
}
